{
  "name": "daniel-jebarson.github.io-master",
  "lockfileVersion": 3,
  "requires": true,
  "packages": {
    "": {
      "dependencies": {
        "install-script": "^1.0.0"
      }
    },
    "node_modules/ejs": {
      "version": "2.7.4",
      "resolved": "https://registry.npmjs.org/ejs/-/ejs-2.7.4.tgz",
      "integrity": "sha512-7vmuyh5+kuUyJKePhQfRQBhXV5Ce+RnaeeQArKu1EAMpL3WbgMt5WG6uQZpEVvYSSsxMXRKOewtDk9RaTKXRlA==",
      "hasInstallScript": true,
      "engines": {
        "node": ">=0.10.0"
      }
    },
    "node_modules/install-script": {
      "version": "1.0.0",
      "resolved": "https://registry.npmjs.org/install-script/-/install-script-1.0.0.tgz",
      "integrity": "sha512-Er7wKziTNCDi3iQsJVufjyBEFulBNsC2T5QTE1LdV/+wjQFhJLoqz2JSt0h7sT50u5RtyMyLgID/aY+kgiSxrg==",
      "dependencies": {
        "ejs": "^2.3.4"
      }
    }
  }
}
